{
  "name": "solana-protocol",
  "version": "0.1.0",
  "lockfileVersion": 2,
  "requires": true,
  "packages": {
    "": {
      "name": "solana-protocol",
      "version": "0.1.0",
      "dependencies": {
        "@project-serum/anchor-cli": "=0.17.0"
      }
    },
    "node_modules/@project-serum/anchor-cli": {
      "version": "0.17.0",
      "resolved": "https://registry.npmjs.org/@project-serum/anchor-cli/-/anchor-cli-0.17.0.tgz",
      "integrity": "sha512-hDS/DgHE9bnJzcaIsedo/2z1qlbovJGIky+p1dCLNtfDeLSGttRG21+7PydI8WyfqSXGoQa3B1tbrrLvAlpwnQ==",
      "bin": {
        "anchor": "anchor.js"
      }
    }
  },
  "dependencies": {
    "@project-serum/anchor-cli": {
      "version": "0.17.0",
      "resolved": "https://registry.npmjs.org/@project-serum/anchor-cli/-/anchor-cli-0.17.0.tgz",
      "integrity": "sha512-hDS/DgHE9bnJzcaIsedo/2z1qlbovJGIky+p1dCLNtfDeLSGttRG21+7PydI8WyfqSXGoQa3B1tbrrLvAlpwnQ=="
    }
  }
}
